
Microsoft Visual Studio Solution File, Format Version 12.00
# Visual Studio Version 17
VisualStudioVersion = 17.6.33829.357
MinimumVisualStudioVersion = 10.0.40219.1
Project("{FAE04EC0-301F-11D3-BF4B-00C04F79EFBC}") = "Requirements", "Requirements\Requirements.csproj", "{9FD58AB7-ED92-437C-8C8A-F0743038E06B}"
EndProject
Global
	GlobalSection(SolutionConfigurationPlatforms) = preSolution
		Debug|Any CPU = Debug|Any CPU
		Release|Any CPU = Release|Any CPU
	EndGlobalSection
	GlobalSection(ProjectConfigurationPlatforms) = postSolution
		{9FD58AB7-ED92-437C-8C8A-F0743038E06B}.Debug|Any CPU.ActiveCfg = Debug|Any CPU
		{9FD58AB7-ED92-437C-8C8A-F0743038E06B}.Debug|Any CPU.Build.0 = Debug|Any CPU
		{9FD58AB7-ED92-437C-8C8A-F0743038E06B}.Release|Any CPU.ActiveCfg = Release|Any CPU
		{9FD58AB7-ED92-437C-8C8A-F0743038E06B}.Release|Any CPU.Build.0 = Release|Any CPU
	EndGlobalSection
	GlobalSection(SolutionProperties) = preSolution
		HideSolutionNode = FALSE
	EndGlobalSection
	GlobalSection(ExtensibilityGlobals) = postSolution
		SolutionGuid = {76385079-4263-45EE-B1B5-4B509AC27809}
	EndGlobalSection
EndGlobal
